
Microsoft Visual Studio Solution File, Format Version 12.00
# Visual Studio 15
VisualStudioVersion = 15.0.28307.779
MinimumVisualStudioVersion = 10.0.40219.1
Project("{FAE04EC0-301F-11D3-BF4B-00C04F79EFBC}") = "IS_Funcoes", "IS_Funcoes\IS_Funcoes.csproj", "{DFD8ED8B-A8B1-452D-97FA-484B6B815DCB}"
EndProject
Global
	GlobalSection(SolutionConfigurationPlatforms) = preSolution
		Debug|Any CPU = Debug|Any CPU
		Release|Any CPU = Release|Any CPU
	EndGlobalSection
	GlobalSection(ProjectConfigurationPlatforms) = postSolution
		{DFD8ED8B-A8B1-452D-97FA-484B6B815DCB}.Debug|Any CPU.ActiveCfg = Debug|Any CPU
		{DFD8ED8B-A8B1-452D-97FA-484B6B815DCB}.Debug|Any CPU.Build.0 = Debug|Any CPU
		{DFD8ED8B-A8B1-452D-97FA-484B6B815DCB}.Release|Any CPU.ActiveCfg = Release|Any CPU
		{DFD8ED8B-A8B1-452D-97FA-484B6B815DCB}.Release|Any CPU.Build.0 = Release|Any CPU
	EndGlobalSection
	GlobalSection(SolutionProperties) = preSolution
		HideSolutionNode = FALSE
	EndGlobalSection
	GlobalSection(ExtensibilityGlobals) = postSolution
		SolutionGuid = {FEDE2656-ACBA-44C4-ACEB-E849E51EEC0C}
	EndGlobalSection
EndGlobal
